
Microsoft Visual Studio Solution File, Format Version 12.00
# Visual Studio Version 17
VisualStudioVersion = 17.8.34309.116
MinimumVisualStudioVersion = 10.0.40219.1
Project("{FAE04EC0-301F-11D3-BF4B-00C04F79EFBC}") = "AgolWebApi", "AgolWebApi\AgolWebApi.csproj", "{58B4C778-105F-45E2-92BB-292917189A75}"
EndProject
Project("{2150E333-8FDC-42A3-9474-1A3956D46DE8}") = "project", "project", "{F6B25C8D-84CD-4C8D-B6AC-6E3CEC08CB9C}"
EndProject
Project("{FAE04EC0-301F-11D3-BF4B-00C04F79EFBC}") = "Project.Data", "Project.Data\Project.Data.csproj", "{4B79044A-09EA-4236-BAFD-E06746615189}"
EndProject
Project("{2150E333-8FDC-42A3-9474-1A3956D46DE8}") = "modules", "modules", "{689BF718-FDE2-4F57-A3B0-6760921EE996}"
EndProject
Project("{FAE04EC0-301F-11D3-BF4B-00C04F79EFBC}") = "Core", "Core\Core.csproj", "{9B7C1BF6-CABE-4AB1-8B43-0BE01A13BBA9}"
EndProject
Global
	GlobalSection(SolutionConfigurationPlatforms) = preSolution
		Debug|Any CPU = Debug|Any CPU
		Release|Any CPU = Release|Any CPU
	EndGlobalSection
	GlobalSection(ProjectConfigurationPlatforms) = postSolution
		{58B4C778-105F-45E2-92BB-292917189A75}.Debug|Any CPU.ActiveCfg = Debug|Any CPU
		{58B4C778-105F-45E2-92BB-292917189A75}.Debug|Any CPU.Build.0 = Debug|Any CPU
		{58B4C778-105F-45E2-92BB-292917189A75}.Release|Any CPU.ActiveCfg = Release|Any CPU
		{58B4C778-105F-45E2-92BB-292917189A75}.Release|Any CPU.Build.0 = Release|Any CPU
		{4B79044A-09EA-4236-BAFD-E06746615189}.Debug|Any CPU.ActiveCfg = Debug|Any CPU
		{4B79044A-09EA-4236-BAFD-E06746615189}.Debug|Any CPU.Build.0 = Debug|Any CPU
		{4B79044A-09EA-4236-BAFD-E06746615189}.Release|Any CPU.ActiveCfg = Release|Any CPU
		{4B79044A-09EA-4236-BAFD-E06746615189}.Release|Any CPU.Build.0 = Release|Any CPU
		{9B7C1BF6-CABE-4AB1-8B43-0BE01A13BBA9}.Debug|Any CPU.ActiveCfg = Debug|Any CPU
		{9B7C1BF6-CABE-4AB1-8B43-0BE01A13BBA9}.Debug|Any CPU.Build.0 = Debug|Any CPU
		{9B7C1BF6-CABE-4AB1-8B43-0BE01A13BBA9}.Release|Any CPU.ActiveCfg = Release|Any CPU
		{9B7C1BF6-CABE-4AB1-8B43-0BE01A13BBA9}.Release|Any CPU.Build.0 = Release|Any CPU
	EndGlobalSection
	GlobalSection(SolutionProperties) = preSolution
		HideSolutionNode = FALSE
	EndGlobalSection
	GlobalSection(NestedProjects) = preSolution
		{58B4C778-105F-45E2-92BB-292917189A75} = {F6B25C8D-84CD-4C8D-B6AC-6E3CEC08CB9C}
		{4B79044A-09EA-4236-BAFD-E06746615189} = {F6B25C8D-84CD-4C8D-B6AC-6E3CEC08CB9C}
		{9B7C1BF6-CABE-4AB1-8B43-0BE01A13BBA9} = {689BF718-FDE2-4F57-A3B0-6760921EE996}
	EndGlobalSection
	GlobalSection(ExtensibilityGlobals) = postSolution
		SolutionGuid = {958F2600-D234-4F33-BED4-FDE90F013F0D}
	EndGlobalSection
EndGlobal
